
Microsoft Visual Studio Solution File, Format Version 12.00
# Visual Studio Version 16
VisualStudioVersion = 16.0.28803.352
MinimumVisualStudioVersion = 10.0.40219.1
Project("{FAE04EC0-301F-11D3-BF4B-00C04F79EFBC}") = "EvilLimiter.Windows", "EvilLimiter.Windows\EvilLimiter.Windows.csproj", "{243E456E-89D8-4612-847F-929014E83113}"
EndProject
Global
	GlobalSection(SolutionConfigurationPlatforms) = preSolution
		Debug|Any CPU = Debug|Any CPU
		Debug|x64 = Debug|x64
		Debug|x86 = Debug|x86
		Release|Any CPU = Release|Any CPU
		Release|x64 = Release|x64
		Release|x86 = Release|x86
	EndGlobalSection
	GlobalSection(ProjectConfigurationPlatforms) = postSolution
		{243E456E-89D8-4612-847F-929014E83113}.Debug|Any CPU.ActiveCfg = Debug|Any CPU
		{243E456E-89D8-4612-847F-929014E83113}.Debug|Any CPU.Build.0 = Debug|Any CPU
		{243E456E-89D8-4612-847F-929014E83113}.Debug|x64.ActiveCfg = Debug|x64
		{243E456E-89D8-4612-847F-929014E83113}.Debug|x64.Build.0 = Debug|x64
		{243E456E-89D8-4612-847F-929014E83113}.Debug|x86.ActiveCfg = Debug|x86
		{243E456E-89D8-4612-847F-929014E83113}.Debug|x86.Build.0 = Debug|x86
		{243E456E-89D8-4612-847F-929014E83113}.Release|Any CPU.ActiveCfg = Release|Any CPU
		{243E456E-89D8-4612-847F-929014E83113}.Release|Any CPU.Build.0 = Release|Any CPU
		{243E456E-89D8-4612-847F-929014E83113}.Release|x64.ActiveCfg = Release|x64
		{243E456E-89D8-4612-847F-929014E83113}.Release|x64.Build.0 = Release|x64
		{243E456E-89D8-4612-847F-929014E83113}.Release|x86.ActiveCfg = Release|x86
		{243E456E-89D8-4612-847F-929014E83113}.Release|x86.Build.0 = Release|x86
	EndGlobalSection
	GlobalSection(SolutionProperties) = preSolution
		HideSolutionNode = FALSE
	EndGlobalSection
	GlobalSection(ExtensibilityGlobals) = postSolution
		SolutionGuid = {7DE90C61-59E3-4B6C-BA96-5EF1CA75BE5E}
	EndGlobalSection
EndGlobal
